
Microsoft Visual Studio Solution File, Format Version 12.00
# Visual Studio Version 17
VisualStudioVersion = 17.0.31912.275
MinimumVisualStudioVersion = 10.0.40219.1
Project("{9A19103F-16F7-4668-BE54-9A1E7A4F7556}") = "USCISData", "USCISData\USCISData.csproj", "{A80405DB-2DF6-4850-9A21-6C21A39EE70C}"
EndProject
Project("{9A19103F-16F7-4668-BE54-9A1E7A4F7556}") = "DataAccessLibrary", "DataAccessLibrary\DataAccessLibrary.csproj", "{86421D1E-F833-4B01-9E25-E2A9EB390688}"
EndProject
Project("{9A19103F-16F7-4668-BE54-9A1E7A4F7556}") = "ClassLibrary", "ClassLibrary\ClassLibrary.csproj", "{B9BDB865-49EC-469E-80F9-D364EEFB5636}"
EndProject
Project("{9A19103F-16F7-4668-BE54-9A1E7A4F7556}") = "USCISDataApp.Tests", "USCISDataApp.Tests\USCISDataApp.Tests.csproj", "{F5ED1D06-178B-41BC-8AA2-8D27BDDC03BE}"
EndProject
Project("{FAE04EC0-301F-11D3-BF4B-00C04F79EFBC}") = "USCISStats", "USCISStats\USCISStats.csproj", "{52807102-8B35-4350-A355-67791F479868}"
EndProject
Global
	GlobalSection(SolutionConfigurationPlatforms) = preSolution
		Debug|Any CPU = Debug|Any CPU
		Release|Any CPU = Release|Any CPU
	EndGlobalSection
	GlobalSection(ProjectConfigurationPlatforms) = postSolution
		{A80405DB-2DF6-4850-9A21-6C21A39EE70C}.Debug|Any CPU.ActiveCfg = Debug|Any CPU
		{A80405DB-2DF6-4850-9A21-6C21A39EE70C}.Debug|Any CPU.Build.0 = Debug|Any CPU
		{A80405DB-2DF6-4850-9A21-6C21A39EE70C}.Release|Any CPU.ActiveCfg = Release|Any CPU
		{A80405DB-2DF6-4850-9A21-6C21A39EE70C}.Release|Any CPU.Build.0 = Release|Any CPU
		{86421D1E-F833-4B01-9E25-E2A9EB390688}.Debug|Any CPU.ActiveCfg = Debug|Any CPU
		{86421D1E-F833-4B01-9E25-E2A9EB390688}.Debug|Any CPU.Build.0 = Debug|Any CPU
		{86421D1E-F833-4B01-9E25-E2A9EB390688}.Release|Any CPU.ActiveCfg = Release|Any CPU
		{86421D1E-F833-4B01-9E25-E2A9EB390688}.Release|Any CPU.Build.0 = Release|Any CPU
		{B9BDB865-49EC-469E-80F9-D364EEFB5636}.Debug|Any CPU.ActiveCfg = Debug|Any CPU
		{B9BDB865-49EC-469E-80F9-D364EEFB5636}.Debug|Any CPU.Build.0 = Debug|Any CPU
		{B9BDB865-49EC-469E-80F9-D364EEFB5636}.Release|Any CPU.ActiveCfg = Release|Any CPU
		{B9BDB865-49EC-469E-80F9-D364EEFB5636}.Release|Any CPU.Build.0 = Release|Any CPU
		{F5ED1D06-178B-41BC-8AA2-8D27BDDC03BE}.Debug|Any CPU.ActiveCfg = Debug|Any CPU
		{F5ED1D06-178B-41BC-8AA2-8D27BDDC03BE}.Debug|Any CPU.Build.0 = Debug|Any CPU
		{F5ED1D06-178B-41BC-8AA2-8D27BDDC03BE}.Release|Any CPU.ActiveCfg = Release|Any CPU
		{F5ED1D06-178B-41BC-8AA2-8D27BDDC03BE}.Release|Any CPU.Build.0 = Release|Any CPU
		{52807102-8B35-4350-A355-67791F479868}.Debug|Any CPU.ActiveCfg = Debug|Any CPU
		{52807102-8B35-4350-A355-67791F479868}.Debug|Any CPU.Build.0 = Debug|Any CPU
		{52807102-8B35-4350-A355-67791F479868}.Release|Any CPU.ActiveCfg = Release|Any CPU
		{52807102-8B35-4350-A355-67791F479868}.Release|Any CPU.Build.0 = Release|Any CPU
	EndGlobalSection
	GlobalSection(SolutionProperties) = preSolution
		HideSolutionNode = FALSE
	EndGlobalSection
	GlobalSection(ExtensibilityGlobals) = postSolution
		SolutionGuid = {B60CA3B2-9967-4A30-9459-97AFDDEAB089}
	EndGlobalSection
EndGlobal
